<Solution>
  <Folder Name="/Elementos de la solución/">
    <File Path="arquitectura.md" />
  </Folder>
  <Project Path="CitasApp.Api/CitasApp.Api.csproj" />
  <Project Path="CitasApp.Application/CitasApp.Application.csproj" />
  <Project Path="CitasApp.Domain/CitasApp.Domain.csproj" />
  <Project Path="CitasApp.Infrastructure/CitasApp.Infrastructure.csproj" />
  <Project Path="CitasApp.Web/CitasApp.Web.csproj" />
</Solution>
